Microsoft Visual Studio Solution File, Format Version 8.00
Project("{8BC9CEB8-8B4A-11D0-8D11-00A0C91BC942}") = "tetris", "tetris.vcproj", "{12C12A92-99A1-4170-8E59-BC1BCAB5DE03}"
	ProjectSection(ProjectDependencies) = postProject
	EndProjectSection
EndProject
Global
	GlobalSection(SolutionConfiguration) = preSolution
		Debug = Debug
		Release = Release
	EndGlobalSection
	GlobalSection(ProjectConfiguration) = postSolution
		{12C12A92-99A1-4170-8E59-BC1BCAB5DE03}.Debug.ActiveCfg = Debug|Win32
		{12C12A92-99A1-4170-8E59-BC1BCAB5DE03}.Debug.Build.0 = Debug|Win32
		{12C12A92-99A1-4170-8E59-BC1BCAB5DE03}.Release.ActiveCfg = Release|Win32
		{12C12A92-99A1-4170-8E59-BC1BCAB5DE03}.Release.Build.0 = Release|Win32
	EndGlobalSection
	GlobalSection(ExtensibilityGlobals) = postSolution
	EndGlobalSection
	GlobalSection(ExtensibilityAddIns) = postSolution
	EndGlobalSection
EndGlobal
